
Microsoft Visual Studio Solution File, Format Version 12.00
# Visual Studio Version 17
VisualStudioVersion = 17.1.32328.378
MinimumVisualStudioVersion = 10.0.40219.1
Project("{9A19103F-16F7-4668-BE54-9A1E7A4F7556}") = "DatabasePrototype", "DatabasePrototype\DatabasePrototype.csproj", "{747DCA55-6E90-4C90-94AD-ED0A4B579B4C}"
EndProject
Project("{00D1A9C2-B5F0-4AF3-8072-F6C62B433612}") = "Database", "Database\Database.sqlproj", "{0A16915F-5B28-456C-A6FD-8B9676DBA29D}"
EndProject
Global
	GlobalSection(SolutionConfigurationPlatforms) = preSolution
		Debug|Any CPU = Debug|Any CPU
		Release|Any CPU = Release|Any CPU
	EndGlobalSection
	GlobalSection(ProjectConfigurationPlatforms) = postSolution
		{747DCA55-6E90-4C90-94AD-ED0A4B579B4C}.Debug|Any CPU.ActiveCfg = Debug|Any CPU
		{747DCA55-6E90-4C90-94AD-ED0A4B579B4C}.Debug|Any CPU.Build.0 = Debug|Any CPU
		{747DCA55-6E90-4C90-94AD-ED0A4B579B4C}.Release|Any CPU.ActiveCfg = Release|Any CPU
		{747DCA55-6E90-4C90-94AD-ED0A4B579B4C}.Release|Any CPU.Build.0 = Release|Any CPU
		{0A16915F-5B28-456C-A6FD-8B9676DBA29D}.Debug|Any CPU.ActiveCfg = Debug|Any CPU
		{0A16915F-5B28-456C-A6FD-8B9676DBA29D}.Debug|Any CPU.Deploy.0 = Debug|Any CPU
		{0A16915F-5B28-456C-A6FD-8B9676DBA29D}.Release|Any CPU.ActiveCfg = Release|Any CPU
		{0A16915F-5B28-456C-A6FD-8B9676DBA29D}.Release|Any CPU.Deploy.0 = Release|Any CPU
	EndGlobalSection
	GlobalSection(SolutionProperties) = preSolution
		HideSolutionNode = FALSE
	EndGlobalSection
	GlobalSection(ExtensibilityGlobals) = postSolution
		SolutionGuid = {99A9F3E6-7483-44BD-AD19-0300B71F3761}
	EndGlobalSection
EndGlobal
